// !$*UTF8*$!
{
	archiveVersion = 1;
	classes = {
	};
	objectVersion = 50;
	objects = {

/* Begin PBXBuildFile section */
		3A3FD9BA5532D1618AF2BD80 /* Pods_Job_Aggregator_IOS_Version.framework in Frameworks */ = {isa = PBXBuildFile; fileRef = DE85799D3D6D3A5086E25E35 /* Pods_Job_Aggregator_IOS_Version.framework */; };
		50F8A372765749525ADA6973 /* Pods_Job_Aggregator_IOS_VersionUITests.framework in Frameworks */ = {isa = PBXBuildFile; fileRef = FC216419AC26BEAFE4D80ADF /* Pods_Job_Aggregator_IOS_VersionUITests.framework */; };
		C10BEE9D211443FE00279627 /* AppDelegate.swift in Sources */ = {isa = PBXBuildFile; fileRef = C10BEE9C211443FE00279627 /* AppDelegate.swift */; };
		C10BEEA2211443FE00279627 /* Main.storyboard in Resources */ = {isa = PBXBuildFile; fileRef = C10BEEA0211443FE00279627 /* Main.storyboard */; };
		C10BEEA42114440500279627 /* Assets.xcassets in Resources */ = {isa = PBXBuildFile; fileRef = C10BEEA32114440500279627 /* Assets.xcassets */; };
		C10BEEA72114440500279627 /* LaunchScreen.storyboard in Resources */ = {isa = PBXBuildFile; fileRef = C10BEEA52114440500279627 /* LaunchScreen.storyboard */; };
		C10BEEB22114440600279627 /* Job_Aggregator_IOS_VersionTests.swift in Sources */ = {isa = PBXBuildFile; fileRef = C10BEEB12114440600279627 /* Job_Aggregator_IOS_VersionTests.swift */; };
		C10BEEBD2114440600279627 /* Job_Aggregator_IOS_VersionUITests.swift in Sources */ = {isa = PBXBuildFile; fileRef = C10BEEBC2114440600279627 /* Job_Aggregator_IOS_VersionUITests.swift */; };
		C1321B44211724FF00564774 /* VacancyTableViewCell.swift in Sources */ = {isa = PBXBuildFile; fileRef = C1321B43211724FF00564774 /* VacancyTableViewCell.swift */; };
		C140B25721146A7F00EAC8B1 /* FirstSearchViewController.swift in Sources */ = {isa = PBXBuildFile; fileRef = C140B25621146A7F00EAC8B1 /* FirstSearchViewController.swift */; };
		C140B25B2116366900EAC8B1 /* TableViewController.swift in Sources */ = {isa = PBXBuildFile; fileRef = C140B25A2116366900EAC8B1 /* TableViewController.swift */; };
		C140B25D21163EC400EAC8B1 /* VacancyModel.swift in Sources */ = {isa = PBXBuildFile; fileRef = C140B25C21163EC400EAC8B1 /* VacancyModel.swift */; };
		C1DF7242211CAD2E008D36EF /* EditTableViewController.swift in Sources */ = {isa = PBXBuildFile; fileRef = C1DF7241211CAD2E008D36EF /* EditTableViewController.swift */; };
		C5CF6D15CEC3251516BC1B7D /* Pods_Job_Aggregator_IOS_VersionTests.framework in Frameworks */ = {isa = PBXBuildFile; fileRef = 867AE8F2D6B36517D296CE3B /* Pods_Job_Aggregator_IOS_VersionTests.framework */; };
/* End PBXBuildFile section */

/* Begin PBXContainerItemProxy section */
		C10BEEAE2114440600279627 /* PBXContainerItemProxy */ = {
			isa = PBXContainerItemProxy;
			containerPortal = C10BEE91211443FE00279627 /* Project object */;
			proxyType = 1;
			remoteGlobalIDString = C10BEE98211443FE00279627;
			remoteInfo = "Job-Aggregator-IOS-Version";
		};
		C10BEEB92114440600279627 /* PBXContainerItemProxy */ = {
			isa = PBXContainerItemProxy;
			containerPortal = C10BEE91211443FE00279627 /* Project object */;
			proxyType = 1;
			remoteGlobalIDString = C10BEE98211443FE00279627;
			remoteInfo = "Job-Aggregator-IOS-Version";
		};
/* End PBXContainerItemProxy section */

/* Begin PBXFileReference section */
		01E42917F27C83F35A49EAC9 /* Pods-Job-Aggregator-IOS-Version.debug.xcconfig */ = {isa = PBXFileReference; includeInIndex = 1; lastKnownFileType = text.xcconfig; name = "Pods-Job-Aggregator-IOS-Version.debug.xcconfig"; path = "Pods/Target Support Files/Pods-Job-Aggregator-IOS-Version/Pods-Job-Aggregator-IOS-Version.debug.xcconfig"; sourceTree = "<group>"; };
		40F1D7B51117C6AB71B15C34 /* Pods-Job-Aggregator-IOS-VersionUITests.debug.xcconfig */ = {isa = PBXFileReference; includeInIndex = 1; lastKnownFileType = text.xcconfig; name = "Pods-Job-Aggregator-IOS-VersionUITests.debug.xcconfig"; path = "Pods/Target Support Files/Pods-Job-Aggregator-IOS-VersionUITests/Pods-Job-Aggregator-IOS-VersionUITests.debug.xcconfig"; sourceTree = "<group>"; };
		67C783F0A4A318C56500D2E9 /* Pods-Job-Aggregator-IOS-VersionUITests.release.xcconfig */ = {isa = PBXFileReference; includeInIndex = 1; lastKnownFileType = text.xcconfig; name = "Pods-Job-Aggregator-IOS-VersionUITests.release.xcconfig"; path = "Pods/Target Support Files/Pods-Job-Aggregator-IOS-VersionUITests/Pods-Job-Aggregator-IOS-VersionUITests.release.xcconfig"; sourceTree = "<group>"; };
		6D00C0159EE1AE1CBEB1D32D /* Pods-Job-Aggregator-IOS-Version.release.xcconfig */ = {isa = PBXFileReference; includeInIndex = 1; lastKnownFileType = text.xcconfig; name = "Pods-Job-Aggregator-IOS-Version.release.xcconfig"; path = "Pods/Target Support Files/Pods-Job-Aggregator-IOS-Version/Pods-Job-Aggregator-IOS-Version.release.xcconfig"; sourceTree = "<group>"; };
		867AE8F2D6B36517D296CE3B /* Pods_Job_Aggregator_IOS_VersionTests.framework */ = {isa = PBXFileReference; explicitFileType = wrapper.framework; includeInIndex = 0; path = Pods_Job_Aggregator_IOS_VersionTests.framework; sourceTree = BUILT_PRODUCTS_DIR; };
		9A609B3A3AC3903E484A8C76 /* Pods-Job-Aggregator-IOS-VersionTests.release.xcconfig */ = {isa = PBXFileReference; includeInIndex = 1; lastKnownFileType = text.xcconfig; name = "Pods-Job-Aggregator-IOS-VersionTests.release.xcconfig"; path = "Pods/Target Support Files/Pods-Job-Aggregator-IOS-VersionTests/Pods-Job-Aggregator-IOS-VersionTests.release.xcconfig"; sourceTree = "<group>"; };
		C10BEE99211443FE00279627 /* Job-Aggregator-IOS-Version.app */ = {isa = PBXFileReference; explicitFileType = wrapper.application; includeInIndex = 0; path = "Job-Aggregator-IOS-Version.app"; sourceTree = BUILT_PRODUCTS_DIR; };
		C10BEE9C211443FE00279627 /* AppDelegate.swift */ = {isa = PBXFileReference; lastKnownFileType = sourcecode.swift; path = AppDelegate.swift; sourceTree = "<group>"; };
		C10BEEA1211443FE00279627 /* Base */ = {isa = PBXFileReference; lastKnownFileType = file.storyboard; name = Base; path = Base.lproj/Main.storyboard; sourceTree = "<group>"; };
		C10BEEA32114440500279627 /* Assets.xcassets */ = {isa = PBXFileReference; lastKnownFileType = folder.assetcatalog; path = Assets.xcassets; sourceTree = "<group>"; };
		C10BEEA62114440500279627 /* Base */ = {isa = PBXFileReference; lastKnownFileType = file.storyboard; name = Base; path = Base.lproj/LaunchScreen.storyboard; sourceTree = "<group>"; };
		C10BEEA82114440500279627 /* Info.plist */ = {isa = PBXFileReference; lastKnownFileType = text.plist.xml; path = Info.plist; sourceTree = "<group>"; };
		C10BEEAD2114440600279627 /* Job-Aggregator-IOS-VersionTests.xctest */ = {isa = PBXFileReference; explicitFileType = wrapper.cfbundle; includeInIndex = 0; path = "Job-Aggregator-IOS-VersionTests.xctest"; sourceTree = BUILT_PRODUCTS_DIR; };
		C10BEEB12114440600279627 /* Job_Aggregator_IOS_VersionTests.swift */ = {isa = PBXFileReference; lastKnownFileType = sourcecode.swift; path = Job_Aggregator_IOS_VersionTests.swift; sourceTree = "<group>"; };
		C10BEEB32114440600279627 /* Info.plist */ = {isa = PBXFileReference; lastKnownFileType = text.plist.xml; path = Info.plist; sourceTree = "<group>"; };
		C10BEEB82114440600279627 /* Job-Aggregator-IOS-VersionUITests.xctest */ = {isa = PBXFileReference; explicitFileType = wrapper.cfbundle; includeInIndex = 0; path = "Job-Aggregator-IOS-VersionUITests.xctest"; sourceTree = BUILT_PRODUCTS_DIR; };
		C10BEEBC2114440600279627 /* Job_Aggregator_IOS_VersionUITests.swift */ = {isa = PBXFileReference; lastKnownFileType = sourcecode.swift; path = Job_Aggregator_IOS_VersionUITests.swift; sourceTree = "<group>"; };
		C10BEEBE2114440600279627 /* Info.plist */ = {isa = PBXFileReference; lastKnownFileType = text.plist.xml; path = Info.plist; sourceTree = "<group>"; };
		C1321B43211724FF00564774 /* VacancyTableViewCell.swift */ = {isa = PBXFileReference; lastKnownFileType = sourcecode.swift; path = VacancyTableViewCell.swift; sourceTree = "<group>"; };
		C140B25621146A7F00EAC8B1 /* FirstSearchViewController.swift */ = {isa = PBXFileReference; lastKnownFileType = sourcecode.swift; path = FirstSearchViewController.swift; sourceTree = "<group>"; };
		C140B25A2116366900EAC8B1 /* TableViewController.swift */ = {isa = PBXFileReference; lastKnownFileType = sourcecode.swift; name = TableViewController.swift; path = "/Users/aleksandrsahnukov/Desktop/проекты/Job-Aggregator-IOS-Version/Job-Aggregator-IOS-Version/TableViewController.swift"; sourceTree = "<absolute>"; };
		C140B25C21163EC400EAC8B1 /* VacancyModel.swift */ = {isa = PBXFileReference; lastKnownFileType = sourcecode.swift; path = VacancyModel.swift; sourceTree = "<group>"; };
		C1DF7241211CAD2E008D36EF /* EditTableViewController.swift */ = {isa = PBXFileReference; lastKnownFileType = sourcecode.swift; path = EditTableViewController.swift; sourceTree = "<group>"; };
		D76EFDEB574DAFE87EC4869B /* Pods-Job-Aggregator-IOS-VersionTests.debug.xcconfig */ = {isa = PBXFileReference; includeInIndex = 1; lastKnownFileType = text.xcconfig; name = "Pods-Job-Aggregator-IOS-VersionTests.debug.xcconfig"; path = "Pods/Target Support Files/Pods-Job-Aggregator-IOS-VersionTests/Pods-Job-Aggregator-IOS-VersionTests.debug.xcconfig"; sourceTree = "<group>"; };
		DE85799D3D6D3A5086E25E35 /* Pods_Job_Aggregator_IOS_Version.framework */ = {isa = PBXFileReference; explicitFileType = wrapper.framework; includeInIndex = 0; path = Pods_Job_Aggregator_IOS_Version.framework; sourceTree = BUILT_PRODUCTS_DIR; };
		FC216419AC26BEAFE4D80ADF /* Pods_Job_Aggregator_IOS_VersionUITests.framework */ = {isa = PBXFileReference; explicitFileType = wrapper.framework; includeInIndex = 0; path = Pods_Job_Aggregator_IOS_VersionUITests.framework; sourceTree = BUILT_PRODUCTS_DIR; };
/* End PBXFileReference section */

/* Begin PBXFrameworksBuildPhase section */
		C10BEE96211443FE00279627 /* Frameworks */ = {
			isa = PBXFrameworksBuildPhase;
			buildActionMask = 2147483647;
			files = (
				3A3FD9BA5532D1618AF2BD80 /* Pods_Job_Aggregator_IOS_Version.framework in Frameworks */,
			);
			runOnlyForDeploymentPostprocessing = 0;
		};
		C10BEEAA2114440600279627 /* Frameworks */ = {
			isa = PBXFrameworksBuildPhase;
			buildActionMask = 2147483647;
			files = (
				C5CF6D15CEC3251516BC1B7D /* Pods_Job_Aggregator_IOS_VersionTests.framework in Frameworks */,
			);
			runOnlyForDeploymentPostprocessing = 0;
		};
		C10BEEB52114440600279627 /* Frameworks */ = {
			isa = PBXFrameworksBuildPhase;
			buildActionMask = 2147483647;
			files = (
				50F8A372765749525ADA6973 /* Pods_Job_Aggregator_IOS_VersionUITests.framework in Frameworks */,
			);
			runOnlyForDeploymentPostprocessing = 0;
		};
/* End PBXFrameworksBuildPhase section */

/* Begin PBXGroup section */
		61F6159C4F2EB3FE8CCF154B /* Frameworks */ = {
			isa = PBXGroup;
			children = (
				DE85799D3D6D3A5086E25E35 /* Pods_Job_Aggregator_IOS_Version.framework */,
				867AE8F2D6B36517D296CE3B /* Pods_Job_Aggregator_IOS_VersionTests.framework */,
				FC216419AC26BEAFE4D80ADF /* Pods_Job_Aggregator_IOS_VersionUITests.framework */,
			);
			name = Frameworks;
			sourceTree = "<group>";
		};
		B370AB52A23BE81E972EBAF5 /* Pods */ = {
			isa = PBXGroup;
			children = (
				01E42917F27C83F35A49EAC9 /* Pods-Job-Aggregator-IOS-Version.debug.xcconfig */,
				6D00C0159EE1AE1CBEB1D32D /* Pods-Job-Aggregator-IOS-Version.release.xcconfig */,
				D76EFDEB574DAFE87EC4869B /* Pods-Job-Aggregator-IOS-VersionTests.debug.xcconfig */,
				9A609B3A3AC3903E484A8C76 /* Pods-Job-Aggregator-IOS-VersionTests.release.xcconfig */,
				40F1D7B51117C6AB71B15C34 /* Pods-Job-Aggregator-IOS-VersionUITests.debug.xcconfig */,
				67C783F0A4A318C56500D2E9 /* Pods-Job-Aggregator-IOS-VersionUITests.release.xcconfig */,
			);
			name = Pods;
			sourceTree = "<group>";
		};
		C10BEE90211443FE00279627 = {
			isa = PBXGroup;
			children = (
				C10BEE9B211443FE00279627 /* Job-Aggregator-IOS-Version */,
				C10BEEB02114440600279627 /* Job-Aggregator-IOS-VersionTests */,
				C10BEEBB2114440600279627 /* Job-Aggregator-IOS-VersionUITests */,
				C10BEE9A211443FE00279627 /* Products */,
				B370AB52A23BE81E972EBAF5 /* Pods */,
				61F6159C4F2EB3FE8CCF154B /* Frameworks */,
			);
			sourceTree = "<group>";
		};
		C10BEE9A211443FE00279627 /* Products */ = {
			isa = PBXGroup;
			children = (
				C10BEE99211443FE00279627 /* Job-Aggregator-IOS-Version.app */,
				C10BEEAD2114440600279627 /* Job-Aggregator-IOS-VersionTests.xctest */,
				C10BEEB82114440600279627 /* Job-Aggregator-IOS-VersionUITests.xctest */,
			);
			name = Products;
			sourceTree = "<group>";
		};
		C10BEE9B211443FE00279627 /* Job-Aggregator-IOS-Version */ = {
			isa = PBXGroup;
			children = (
				C140B263211643AB00EAC8B1 /* View */,
				C140B2622116439000EAC8B1 /* Controllers */,
				C140B264211643B600EAC8B1 /* Model */,
				C10BEE9C211443FE00279627 /* AppDelegate.swift */,
				C10BEEA32114440500279627 /* Assets.xcassets */,
				C10BEEA82114440500279627 /* Info.plist */,
			);
			path = "Job-Aggregator-IOS-Version";
			sourceTree = "<group>";
		};
		C10BEEB02114440600279627 /* Job-Aggregator-IOS-VersionTests */ = {
			isa = PBXGroup;
			children = (
				C10BEEB12114440600279627 /* Job_Aggregator_IOS_VersionTests.swift */,
				C10BEEB32114440600279627 /* Info.plist */,
			);
			path = "Job-Aggregator-IOS-VersionTests";
			sourceTree = "<group>";
		};
		C10BEEBB2114440600279627 /* Job-Aggregator-IOS-VersionUITests */ = {
			isa = PBXGroup;
			children = (
				C10BEEBC2114440600279627 /* Job_Aggregator_IOS_VersionUITests.swift */,
				C10BEEBE2114440600279627 /* Info.plist */,
			);
			path = "Job-Aggregator-IOS-VersionUITests";
			sourceTree = "<group>";
		};
		C140B2622116439000EAC8B1 /* Controllers */ = {
			isa = PBXGroup;
			children = (
				C1DF7241211CAD2E008D36EF /* EditTableViewController.swift */,
				C140B25A2116366900EAC8B1 /* TableViewController.swift */,
				C140B25621146A7F00EAC8B1 /* FirstSearchViewController.swift */,
				C1321B43211724FF00564774 /* VacancyTableViewCell.swift */,
			);
			path = Controllers;
			sourceTree = "<group>";
		};
		C140B263211643AB00EAC8B1 /* View */ = {
			isa = PBXGroup;
			children = (
				C10BEEA0211443FE00279627 /* Main.storyboard */,
				C10BEEA52114440500279627 /* LaunchScreen.storyboard */,
			);
			path = View;
			sourceTree = "<group>";
		};
		C140B264211643B600EAC8B1 /* Model */ = {
			isa = PBXGroup;
			children = (
				C140B25C21163EC400EAC8B1 /* VacancyModel.swift */,
			);
			path = Model;
			sourceTree = "<group>";
		};
/* End PBXGroup section */

/* Begin PBXNativeTarget section */
		C10BEE98211443FE00279627 /* Job-Aggregator-IOS-Version */ = {
			isa = PBXNativeTarget;
			buildConfigurationList = C10BEEC12114440600279627 /* Build configuration list for PBXNativeTarget "Job-Aggregator-IOS-Version" */;
			buildPhases = (
				88902A7E34E9982FAEA86625 /* [CP] Check Pods Manifest.lock */,
				C10BEE95211443FE00279627 /* Sources */,
				C10BEE96211443FE00279627 /* Frameworks */,
				C10BEE97211443FE00279627 /* Resources */,
				256380DA54A532A180C37AF0 /* [CP] Embed Pods Frameworks */,
			);
			buildRules = (
			);
			dependencies = (
			);
			name = "Job-Aggregator-IOS-Version";
			productName = "Job-Aggregator-IOS-Version";
			productReference = C10BEE99211443FE00279627 /* Job-Aggregator-IOS-Version.app */;
			productType = "com.apple.product-type.application";
		};
		C10BEEAC2114440600279627 /* Job-Aggregator-IOS-VersionTests */ = {
			isa = PBXNativeTarget;
			buildConfigurationList = C10BEEC42114440600279627 /* Build configuration list for PBXNativeTarget "Job-Aggregator-IOS-VersionTests" */;
			buildPhases = (
				4B767032D05152182B3D4646 /* [CP] Check Pods Manifest.lock */,
				C10BEEA92114440600279627 /* Sources */,
				C10BEEAA2114440600279627 /* Frameworks */,
				C10BEEAB2114440600279627 /* Resources */,
			);
			buildRules = (
			);
			dependencies = (
				C10BEEAF2114440600279627 /* PBXTargetDependency */,
			);
			name = "Job-Aggregator-IOS-VersionTests";
			productName = "Job-Aggregator-IOS-VersionTests";
			productReference = C10BEEAD2114440600279627 /* Job-Aggregator-IOS-VersionTests.xctest */;
			productType = "com.apple.product-type.bundle.unit-test";
		};
		C10BEEB72114440600279627 /* Job-Aggregator-IOS-VersionUITests */ = {
			isa = PBXNativeTarget;
			buildConfigurationList = C10BEEC72114440600279627 /* Build configuration list for PBXNativeTarget "Job-Aggregator-IOS-VersionUITests" */;
			buildPhases = (
				900F9EEC892FEA09D8FB5C25 /* [CP] Check Pods Manifest.lock */,
				C10BEEB42114440600279627 /* Sources */,
				C10BEEB52114440600279627 /* Frameworks */,
				C10BEEB62114440600279627 /* Resources */,
			);
			buildRules = (
			);
			dependencies = (
				C10BEEBA2114440600279627 /* PBXTargetDependency */,
			);
			name = "Job-Aggregator-IOS-VersionUITests";
			productName = "Job-Aggregator-IOS-VersionUITests";
			productReference = C10BEEB82114440600279627 /* Job-Aggregator-IOS-VersionUITests.xctest */;
			productType = "com.apple.product-type.bundle.ui-testing";
		};
/* End PBXNativeTarget section */

/* Begin PBXProject section */
		C10BEE91211443FE00279627 /* Project object */ = {
			isa = PBXProject;
			attributes = {
				LastSwiftUpdateCheck = 0940;
				LastUpgradeCheck = 0940;
				ORGANIZATIONNAME = "Александр Сахнюков";
				TargetAttributes = {
					C10BEE98211443FE00279627 = {
						CreatedOnToolsVersion = 9.4.1;
					};
					C10BEEAC2114440600279627 = {
						CreatedOnToolsVersion = 9.4.1;
						TestTargetID = C10BEE98211443FE00279627;
					};
					C10BEEB72114440600279627 = {
						CreatedOnToolsVersion = 9.4.1;
						TestTargetID = C10BEE98211443FE00279627;
					};
				};
			};
			buildConfigurationList = C10BEE94211443FE00279627 /* Build configuration list for PBXProject "Job-Aggregator-IOS-Version" */;
			compatibilityVersion = "Xcode 9.3";
			developmentRegion = en;
			hasScannedForEncodings = 0;
			knownRegions = (
				en,
				Base,
			);
			mainGroup = C10BEE90211443FE00279627;
			productRefGroup = C10BEE9A211443FE00279627 /* Products */;
			projectDirPath = "";
			projectRoot = "";
			targets = (
				C10BEE98211443FE00279627 /* Job-Aggregator-IOS-Version */,
				C10BEEAC2114440600279627 /* Job-Aggregator-IOS-VersionTests */,
				C10BEEB72114440600279627 /* Job-Aggregator-IOS-VersionUITests */,
			);
		};
/* End PBXProject section */

/* Begin PBXResourcesBuildPhase section */
		C10BEE97211443FE00279627 /* Resources */ = {
			isa = PBXResourcesBuildPhase;
			buildActionMask = 2147483647;
			files = (
				C10BEEA72114440500279627 /* LaunchScreen.storyboard in Resources */,
				C10BEEA42114440500279627 /* Assets.xcassets in Resources */,
				C10BEEA2211443FE00279627 /* Main.storyboard in Resources */,
			);
			runOnlyForDeploymentPostprocessing = 0;
		};
		C10BEEAB2114440600279627 /* Resources */ = {
			isa = PBXResourcesBuildPhase;
			buildActionMask = 2147483647;
			files = (
			);
			runOnlyForDeploymentPostprocessing = 0;
		};
		C10BEEB62114440600279627 /* Resources */ = {
			isa = PBXResourcesBuildPhase;
			buildActionMask = 2147483647;
			files = (
			);
			runOnlyForDeploymentPostprocessing = 0;
		};
/* End PBXResourcesBuildPhase section */

/* Begin PBXShellScriptBuildPhase section */
		256380DA54A532A180C37AF0 /* [CP] Embed Pods Frameworks */ = {
			isa = PBXShellScriptBuildPhase;
			buildActionMask = 2147483647;
			files = (
			);
			inputPaths = (
				"${SRCROOT}/Pods/Target Support Files/Pods-Job-Aggregator-IOS-Version/Pods-Job-Aggregator-IOS-Version-frameworks.sh",
				"${BUILT_PRODUCTS_DIR}/Alamofire/Alamofire.framework",
				"${BUILT_PRODUCTS_DIR}/IQKeyboardManagerSwift/IQKeyboardManagerSwift.framework",
				"${BUILT_PRODUCTS_DIR}/SwiftyJSON/SwiftyJSON.framework",
			);
			name = "[CP] Embed Pods Frameworks";
			outputPaths = (
				"${TARGET_BUILD_DIR}/${FRAMEWORKS_FOLDER_PATH}/Alamofire.framework",
				"${TARGET_BUILD_DIR}/${FRAMEWORKS_FOLDER_PATH}/IQKeyboardManagerSwift.framework",
				"${TARGET_BUILD_DIR}/${FRAMEWORKS_FOLDER_PATH}/SwiftyJSON.framework",
			);
			runOnlyForDeploymentPostprocessing = 0;
			shellPath = /bin/sh;
			shellScript = "\"${SRCROOT}/Pods/Target Support Files/Pods-Job-Aggregator-IOS-Version/Pods-Job-Aggregator-IOS-Version-frameworks.sh\"\n";
			showEnvVarsInLog = 0;
		};
		4B767032D05152182B3D4646 /* [CP] Check Pods Manifest.lock */ = {
			isa = PBXShellScriptBuildPhase;
			buildActionMask = 2147483647;
			files = (
			);
			inputPaths = (
				"${PODS_PODFILE_DIR_PATH}/Podfile.lock",
				"${PODS_ROOT}/Manifest.lock",
			);
			name = "[CP] Check Pods Manifest.lock";
			outputPaths = (
				"$(DERIVED_FILE_DIR)/Pods-Job-Aggregator-IOS-VersionTests-checkManifestLockResult.txt",
			);
			runOnlyForDeploymentPostprocessing = 0;
			shellPath = /bin/sh;
			shellScript = "diff \"${PODS_PODFILE_DIR_PATH}/Podfile.lock\" \"${PODS_ROOT}/Manifest.lock\" > /dev/null\nif [ $? != 0 ] ; then\n    # print error to STDERR\n    echo \"error: The sandbox is not in sync with the Podfile.lock. Run 'pod install' or update your CocoaPods installation.\" >&2\n    exit 1\nfi\n# This output is used by Xcode 'outputs' to avoid re-running this script phase.\necho \"SUCCESS\" > \"${SCRIPT_OUTPUT_FILE_0}\"\n";
			showEnvVarsInLog = 0;
		};
		88902A7E34E9982FAEA86625 /* [CP] Check Pods Manifest.lock */ = {
			isa = PBXShellScriptBuildPhase;
			buildActionMask = 2147483647;
			files = (
			);
			inputPaths = (
				"${PODS_PODFILE_DIR_PATH}/Podfile.lock",
				"${PODS_ROOT}/Manifest.lock",
			);
			name = "[CP] Check Pods Manifest.lock";
			outputPaths = (
				"$(DERIVED_FILE_DIR)/Pods-Job-Aggregator-IOS-Version-checkManifestLockResult.txt",
			);
			runOnlyForDeploymentPostprocessing = 0;
			shellPath = /bin/sh;
			shellScript = "diff \"${PODS_PODFILE_DIR_PATH}/Podfile.lock\" \"${PODS_ROOT}/Manifest.lock\" > /dev/null\nif [ $? != 0 ] ; then\n    # print error to STDERR\n    echo \"error: The sandbox is not in sync with the Podfile.lock. Run 'pod install' or update your CocoaPods installation.\" >&2\n    exit 1\nfi\n# This output is used by Xcode 'outputs' to avoid re-running this script phase.\necho \"SUCCESS\" > \"${SCRIPT_OUTPUT_FILE_0}\"\n";
			showEnvVarsInLog = 0;
		};
		900F9EEC892FEA09D8FB5C25 /* [CP] Check Pods Manifest.lock */ = {
			isa = PBXShellScriptBuildPhase;
			buildActionMask = 2147483647;
			files = (
			);
			inputPaths = (
				"${PODS_PODFILE_DIR_PATH}/Podfile.lock",
				"${PODS_ROOT}/Manifest.lock",
			);
			name = "[CP] Check Pods Manifest.lock";
			outputPaths = (
				"$(DERIVED_FILE_DIR)/Pods-Job-Aggregator-IOS-VersionUITests-checkManifestLockResult.txt",
			);
			runOnlyForDeploymentPostprocessing = 0;
			shellPath = /bin/sh;
			shellScript = "diff \"${PODS_PODFILE_DIR_PATH}/Podfile.lock\" \"${PODS_ROOT}/Manifest.lock\" > /dev/null\nif [ $? != 0 ] ; then\n    # print error to STDERR\n    echo \"error: The sandbox is not in sync with the Podfile.lock. Run 'pod install' or update your CocoaPods installation.\" >&2\n    exit 1\nfi\n# This output is used by Xcode 'outputs' to avoid re-running this script phase.\necho \"SUCCESS\" > \"${SCRIPT_OUTPUT_FILE_0}\"\n";
			showEnvVarsInLog = 0;
		};
/* End PBXShellScriptBuildPhase section */

/* Begin PBXSourcesBuildPhase section */
		C10BEE95211443FE00279627 /* Sources */ = {
			isa = PBXSourcesBuildPhase;
			buildActionMask = 2147483647;
			files = (
				C1321B44211724FF00564774 /* VacancyTableViewCell.swift in Sources */,
				C140B25721146A7F00EAC8B1 /* FirstSearchViewController.swift in Sources */,
				C1DF7242211CAD2E008D36EF /* EditTableViewController.swift in Sources */,
				C10BEE9D211443FE00279627 /* AppDelegate.swift in Sources */,
				C140B25B2116366900EAC8B1 /* TableViewController.swift in Sources */,
				C140B25D21163EC400EAC8B1 /* VacancyModel.swift in Sources */,
			);
			runOnlyForDeploymentPostprocessing = 0;
		};
		C10BEEA92114440600279627 /* Sources */ = {
			isa = PBXSourcesBuildPhase;
			buildActionMask = 2147483647;
			files = (
				C10BEEB22114440600279627 /* Job_Aggregator_IOS_VersionTests.swift in Sources */,
			);
			runOnlyForDeploymentPostprocessing = 0;
		};
		C10BEEB42114440600279627 /* Sources */ = {
			isa = PBXSourcesBuildPhase;
			buildActionMask = 2147483647;
			files = (
				C10BEEBD2114440600279627 /* Job_Aggregator_IOS_VersionUITests.swift in Sources */,
			);
			runOnlyForDeploymentPostprocessing = 0;
		};
/* End PBXSourcesBuildPhase section */

/* Begin PBXTargetDependency section */
		C10BEEAF2114440600279627 /* PBXTargetDependency */ = {
			isa = PBXTargetDependency;
			target = C10BEE98211443FE00279627 /* Job-Aggregator-IOS-Version */;
			targetProxy = C10BEEAE2114440600279627 /* PBXContainerItemProxy */;
		};
		C10BEEBA2114440600279627 /* PBXTargetDependency */ = {
			isa = PBXTargetDependency;
			target = C10BEE98211443FE00279627 /* Job-Aggregator-IOS-Version */;
			targetProxy = C10BEEB92114440600279627 /* PBXContainerItemProxy */;
		};
/* End PBXTargetDependency section */

/* Begin PBXVariantGroup section */
		C10BEEA0211443FE00279627 /* Main.storyboard */ = {
			isa = PBXVariantGroup;
			children = (
				C10BEEA1211443FE00279627 /* Base */,
			);
			name = Main.storyboard;
			sourceTree = "<group>";
		};
		C10BEEA52114440500279627 /* LaunchScreen.storyboard */ = {
			isa = PBXVariantGroup;
			children = (
				C10BEEA62114440500279627 /* Base */,
			);
			name = LaunchScreen.storyboard;
			sourceTree = "<group>";
		};
/* End PBXVariantGroup section */

/* Begin XCBuildConfiguration section */
		C10BEEBF2114440600279627 /* Debug */ = {
			isa = XCBuildConfiguration;
			buildSettings = {
				ALWAYS_SEARCH_USER_PATHS = NO;
				CLANG_ANALYZER_NONNULL = YES;
				CLANG_ANALYZER_NUMBER_OBJECT_CONVERSION = YES_AGGRESSIVE;
				CLANG_CXX_LANGUAGE_STANDARD = "gnu++14";
				CLANG_CXX_LIBRARY = "libc++";
				CLANG_ENABLE_MODULES = YES;
				CLANG_ENABLE_OBJC_ARC = YES;
				CLANG_ENABLE_OBJC_WEAK = YES;
				CLANG_WARN_BLOCK_CAPTURE_AUTORELEASING = YES;
				CLANG_WARN_BOOL_CONVERSION = YES;
				CLANG_WARN_COMMA = YES;
				CLANG_WARN_CONSTANT_CONVERSION = YES;
				CLANG_WARN_DEPRECATED_OBJC_IMPLEMENTATIONS = YES;
				CLANG_WARN_DIRECT_OBJC_ISA_USAGE = YES_ERROR;
				CLANG_WARN_DOCUMENTATION_COMMENTS = YES;
				CLANG_WARN_EMPTY_BODY = YES;
				CLANG_WARN_ENUM_CONVERSION = YES;
				CLANG_WARN_INFINITE_RECURSION = YES;
				CLANG_WARN_INT_CONVERSION = YES;
				CLANG_WARN_NON_LITERAL_NULL_CONVERSION = YES;
				CLANG_WARN_OBJC_IMPLICIT_RETAIN_SELF = YES;
				CLANG_WARN_OBJC_LITERAL_CONVERSION = YES;
				CLANG_WARN_OBJC_ROOT_CLASS = YES_ERROR;
				CLANG_WARN_RANGE_LOOP_ANALYSIS = YES;
				CLANG_WARN_STRICT_PROTOTYPES = YES;
				CLANG_WARN_SUSPICIOUS_MOVE = YES;
				CLANG_WARN_UNGUARDED_AVAILABILITY = YES_AGGRESSIVE;
				CLANG_WARN_UNREACHABLE_CODE = YES;
				CLANG_WARN__DUPLICATE_METHOD_MATCH = YES;
				CODE_SIGN_IDENTITY = "iPhone Developer";
				COPY_PHASE_STRIP = NO;
				DEBUG_INFORMATION_FORMAT = dwarf;
				ENABLE_STRICT_OBJC_MSGSEND = YES;
				ENABLE_TESTABILITY = YES;
				GCC_C_LANGUAGE_STANDARD = gnu11;
				GCC_DYNAMIC_NO_PIC = NO;
				GCC_NO_COMMON_BLOCKS = YES;
				GCC_OPTIMIZATION_LEVEL = 0;
				GCC_PREPROCESSOR_DEFINITIONS = (
					"DEBUG=1",
					"$(inherited)",
				);
				GCC_WARN_64_TO_32_BIT_CONVERSION = YES;
				GCC_WARN_ABOUT_RETURN_TYPE = YES_ERROR;
				GCC_WARN_UNDECLARED_SELECTOR = YES;
				GCC_WARN_UNINITIALIZED_AUTOS = YES_AGGRESSIVE;
				GCC_WARN_UNUSED_FUNCTION = YES;
				GCC_WARN_UNUSED_VARIABLE = YES;
				IPHONEOS_DEPLOYMENT_TARGET = 11.4;
				MTL_ENABLE_DEBUG_INFO = YES;
				ONLY_ACTIVE_ARCH = YES;
				SDKROOT = iphoneos;
				SWIFT_ACTIVE_COMPILATION_CONDITIONS = DEBUG;
				SWIFT_OPTIMIZATION_LEVEL = "-Onone";
			};
			name = Debug;
		};
		C10BEEC02114440600279627 /* Release */ = {
			isa = XCBuildConfiguration;
			buildSettings = {
				ALWAYS_SEARCH_USER_PATHS = NO;
				CLANG_ANALYZER_NONNULL = YES;
				CLANG_ANALYZER_NUMBER_OBJECT_CONVERSION = YES_AGGRESSIVE;
				CLANG_CXX_LANGUAGE_STANDARD = "gnu++14";
				CLANG_CXX_LIBRARY = "libc++";
				CLANG_ENABLE_MODULES = YES;
				CLANG_ENABLE_OBJC_ARC = YES;
				CLANG_ENABLE_OBJC_WEAK = YES;
				CLANG_WARN_BLOCK_CAPTURE_AUTORELEASING = YES;
				CLANG_WARN_BOOL_CONVERSION = YES;
				CLANG_WARN_COMMA = YES;
				CLANG_WARN_CONSTANT_CONVERSION = YES;
				CLANG_WARN_DEPRECATED_OBJC_IMPLEMENTATIONS = YES;
				CLANG_WARN_DIRECT_OBJC_ISA_USAGE = YES_ERROR;
				CLANG_WARN_DOCUMENTATION_COMMENTS = YES;
				CLANG_WARN_EMPTY_BODY = YES;
				CLANG_WARN_ENUM_CONVERSION = YES;
				CLANG_WARN_INFINITE_RECURSION = YES;
				CLANG_WARN_INT_CONVERSION = YES;
				CLANG_WARN_NON_LITERAL_NULL_CONVERSION = YES;
				CLANG_WARN_OBJC_IMPLICIT_RETAIN_SELF = YES;
				CLANG_WARN_OBJC_LITERAL_CONVERSION = YES;
				CLANG_WARN_OBJC_ROOT_CLASS = YES_ERROR;
				CLANG_WARN_RANGE_LOOP_ANALYSIS = YES;
				CLANG_WARN_STRICT_PROTOTYPES = YES;
				CLANG_WARN_SUSPICIOUS_MOVE = YES;
				CLANG_WARN_UNGUARDED_AVAILABILITY = YES_AGGRESSIVE;
				CLANG_WARN_UNREACHABLE_CODE = YES;
				CLANG_WARN__DUPLICATE_METHOD_MATCH = YES;
				CODE_SIGN_IDENTITY = "iPhone Developer";
				COPY_PHASE_STRIP = NO;
				DEBUG_INFORMATION_FORMAT = "dwarf-with-dsym";
				ENABLE_NS_ASSERTIONS = NO;
				ENABLE_STRICT_OBJC_MSGSEND = YES;
				GCC_C_LANGUAGE_STANDARD = gnu11;
				GCC_NO_COMMON_BLOCKS = YES;
				GCC_WARN_64_TO_32_BIT_CONVERSION = YES;
				GCC_WARN_ABOUT_RETURN_TYPE = YES_ERROR;
				GCC_WARN_UNDECLARED_SELECTOR = YES;
				GCC_WARN_UNINITIALIZED_AUTOS = YES_AGGRESSIVE;
				GCC_WARN_UNUSED_FUNCTION = YES;
				GCC_WARN_UNUSED_VARIABLE = YES;
				IPHONEOS_DEPLOYMENT_TARGET = 11.4;
				MTL_ENABLE_DEBUG_INFO = NO;
				SDKROOT = iphoneos;
				SWIFT_COMPILATION_MODE = wholemodule;
				SWIFT_OPTIMIZATION_LEVEL = "-O";
				VALIDATE_PRODUCT = YES;
			};
			name = Release;
		};
		C10BEEC22114440600279627 /* Debug */ = {
			isa = XCBuildConfiguration;
			baseConfigurationReference = 01E42917F27C83F35A49EAC9 /* Pods-Job-Aggregator-IOS-Version.debug.xcconfig */;
			buildSettings = {
				ASSETCATALOG_COMPILER_APPICON_NAME = AppIcon;
				CODE_SIGN_STYLE = Automatic;
				DEVELOPMENT_TEAM = C5S74JC2ZC;
				INFOPLIST_FILE = "Job-Aggregator-IOS-Version/Info.plist";
				LD_RUNPATH_SEARCH_PATHS = (
					"$(inherited)",
					"@executable_path/Frameworks",
				);
				PRODUCT_BUNDLE_IDENTIFIER = "------------------.Job-Aggregator-IOS-Version";
				PRODUCT_NAME = "$(TARGET_NAME)";
				SWIFT_VERSION = 4.0;
				TARGETED_DEVICE_FAMILY = 1;
			};
			name = Debug;
		};
		C10BEEC32114440600279627 /* Release */ = {
			isa = XCBuildConfiguration;
			baseConfigurationReference = 6D00C0159EE1AE1CBEB1D32D /* Pods-Job-Aggregator-IOS-Version.release.xcconfig */;
			buildSettings = {
				ASSETCATALOG_COMPILER_APPICON_NAME = AppIcon;
				CODE_SIGN_STYLE = Automatic;
				DEVELOPMENT_TEAM = C5S74JC2ZC;
				INFOPLIST_FILE = "Job-Aggregator-IOS-Version/Info.plist";
				LD_RUNPATH_SEARCH_PATHS = (
					"$(inherited)",
					"@executable_path/Frameworks",
				);
				PRODUCT_BUNDLE_IDENTIFIER = "------------------.Job-Aggregator-IOS-Version";
				PRODUCT_NAME = "$(TARGET_NAME)";
				SWIFT_VERSION = 4.0;
				TARGETED_DEVICE_FAMILY = 1;
			};
			name = Release;
		};
		C10BEEC52114440600279627 /* Debug */ = {
			isa = XCBuildConfiguration;
			baseConfigurationReference = D76EFDEB574DAFE87EC4869B /* Pods-Job-Aggregator-IOS-VersionTests.debug.xcconfig */;
			buildSettings = {
				ALWAYS_EMBED_SWIFT_STANDARD_LIBRARIES = YES;
				BUNDLE_LOADER = "$(TEST_HOST)";
				CODE_SIGN_STYLE = Automatic;
				DEVELOPMENT_TEAM = C5S74JC2ZC;
				INFOPLIST_FILE = "Job-Aggregator-IOS-VersionTests/Info.plist";
				LD_RUNPATH_SEARCH_PATHS = (
					"$(inherited)",
					"@executable_path/Frameworks",
					"@loader_path/Frameworks",
				);
				PRODUCT_BUNDLE_IDENTIFIER = "------------------.Job-Aggregator-IOS-VersionTests";
				PRODUCT_NAME = "$(TARGET_NAME)";
				SWIFT_VERSION = 4.0;
				TARGETED_DEVICE_FAMILY = "1,2";
				TEST_HOST = "$(BUILT_PRODUCTS_DIR)/Job-Aggregator-IOS-Version.app/Job-Aggregator-IOS-Version";
			};
			name = Debug;
		};
		C10BEEC62114440600279627 /* Release */ = {
			isa = XCBuildConfiguration;
			baseConfigurationReference = 9A609B3A3AC3903E484A8C76 /* Pods-Job-Aggregator-IOS-VersionTests.release.xcconfig */;
			buildSettings = {
				ALWAYS_EMBED_SWIFT_STANDARD_LIBRARIES = YES;
				BUNDLE_LOADER = "$(TEST_HOST)";
				CODE_SIGN_STYLE = Automatic;
				DEVELOPMENT_TEAM = C5S74JC2ZC;
				INFOPLIST_FILE = "Job-Aggregator-IOS-VersionTests/Info.plist";
				LD_RUNPATH_SEARCH_PATHS = (
					"$(inherited)",
					"@executable_path/Frameworks",
					"@loader_path/Frameworks",
				);
				PRODUCT_BUNDLE_IDENTIFIER = "------------------.Job-Aggregator-IOS-VersionTests";
				PRODUCT_NAME = "$(TARGET_NAME)";
				SWIFT_VERSION = 4.0;
				TARGETED_DEVICE_FAMILY = "1,2";
				TEST_HOST = "$(BUILT_PRODUCTS_DIR)/Job-Aggregator-IOS-Version.app/Job-Aggregator-IOS-Version";
			};
			name = Release;
		};
		C10BEEC82114440600279627 /* Debug */ = {
			isa = XCBuildConfiguration;
			baseConfigurationReference = 40F1D7B51117C6AB71B15C34 /* Pods-Job-Aggregator-IOS-VersionUITests.debug.xcconfig */;
			buildSettings = {
				ALWAYS_EMBED_SWIFT_STANDARD_LIBRARIES = YES;
				CODE_SIGN_STYLE = Automatic;
				DEVELOPMENT_TEAM = C5S74JC2ZC;
				INFOPLIST_FILE = "Job-Aggregator-IOS-VersionUITests/Info.plist";
				LD_RUNPATH_SEARCH_PATHS = (
					"$(inherited)",
					"@executable_path/Frameworks",
					"@loader_path/Frameworks",
				);
				PRODUCT_BUNDLE_IDENTIFIER = "------------------.Job-Aggregator-IOS-VersionUITests";
				PRODUCT_NAME = "$(TARGET_NAME)";
				SWIFT_VERSION = 4.0;
				TARGETED_DEVICE_FAMILY = "1,2";
				TEST_TARGET_NAME = "Job-Aggregator-IOS-Version";
			};
			name = Debug;
		};
		C10BEEC92114440600279627 /* Release */ = {
			isa = XCBuildConfiguration;
			baseConfigurationReference = 67C783F0A4A318C56500D2E9 /* Pods-Job-Aggregator-IOS-VersionUITests.release.xcconfig */;
			buildSettings = {
				ALWAYS_EMBED_SWIFT_STANDARD_LIBRARIES = YES;
				CODE_SIGN_STYLE = Automatic;
				DEVELOPMENT_TEAM = C5S74JC2ZC;
				INFOPLIST_FILE = "Job-Aggregator-IOS-VersionUITests/Info.plist";
				LD_RUNPATH_SEARCH_PATHS = (
					"$(inherited)",
					"@executable_path/Frameworks",
					"@loader_path/Frameworks",
				);
				PRODUCT_BUNDLE_IDENTIFIER = "------------------.Job-Aggregator-IOS-VersionUITests";
				PRODUCT_NAME = "$(TARGET_NAME)";
				SWIFT_VERSION = 4.0;
				TARGETED_DEVICE_FAMILY = "1,2";
				TEST_TARGET_NAME = "Job-Aggregator-IOS-Version";
			};
			name = Release;
		};
/* End XCBuildConfiguration section */

/* Begin XCConfigurationList section */
		C10BEE94211443FE00279627 /* Build configuration list for PBXProject "Job-Aggregator-IOS-Version" */ = {
			isa = XCConfigurationList;
			buildConfigurations = (
				C10BEEBF2114440600279627 /* Debug */,
				C10BEEC02114440600279627 /* Release */,
			);
			defaultConfigurationIsVisible = 0;
			defaultConfigurationName = Release;
		};
		C10BEEC12114440600279627 /* Build configuration list for PBXNativeTarget "Job-Aggregator-IOS-Version" */ = {
			isa = XCConfigurationList;
			buildConfigurations = (
				C10BEEC22114440600279627 /* Debug */,
				C10BEEC32114440600279627 /* Release */,
			);
			defaultConfigurationIsVisible = 0;
			defaultConfigurationName = Release;
		};
		C10BEEC42114440600279627 /* Build configuration list for PBXNativeTarget "Job-Aggregator-IOS-VersionTests" */ = {
			isa = XCConfigurationList;
			buildConfigurations = (
				C10BEEC52114440600279627 /* Debug */,
				C10BEEC62114440600279627 /* Release */,
			);
			defaultConfigurationIsVisible = 0;
			defaultConfigurationName = Release;
		};
		C10BEEC72114440600279627 /* Build configuration list for PBXNativeTarget "Job-Aggregator-IOS-VersionUITests" */ = {
			isa = XCConfigurationList;
			buildConfigurations = (
				C10BEEC82114440600279627 /* Debug */,
				C10BEEC92114440600279627 /* Release */,
			);
			defaultConfigurationIsVisible = 0;
			defaultConfigurationName = Release;
		};
/* End XCConfigurationList section */
	};
	rootObject = C10BEE91211443FE00279627 /* Project object */;
}
